
Microsoft Visual Studio Solution File, Format Version 12.00
# Visual Studio Version 16
VisualStudioVersion = 16.0.31911.196
MinimumVisualStudioVersion = 10.0.40219.1
Project("{FAE04EC0-301F-11D3-BF4B-00C04F79EFBC}") = "Homework_WpfApp10", "Homework_WpfApp10\Homework_WpfApp10.csproj", "{A702B721-2F49-4F48-9084-1B80735B8565}"
EndProject
Global
	GlobalSection(SolutionConfigurationPlatforms) = preSolution
		Debug|Any CPU = Debug|Any CPU
		Release|Any CPU = Release|Any CPU
	EndGlobalSection
	GlobalSection(ProjectConfigurationPlatforms) = postSolution
		{A702B721-2F49-4F48-9084-1B80735B8565}.Debug|Any CPU.ActiveCfg = Debug|Any CPU
		{A702B721-2F49-4F48-9084-1B80735B8565}.Debug|Any CPU.Build.0 = Debug|Any CPU
		{A702B721-2F49-4F48-9084-1B80735B8565}.Release|Any CPU.ActiveCfg = Release|Any CPU
		{A702B721-2F49-4F48-9084-1B80735B8565}.Release|Any CPU.Build.0 = Release|Any CPU
	EndGlobalSection
	GlobalSection(SolutionProperties) = preSolution
		HideSolutionNode = FALSE
	EndGlobalSection
	GlobalSection(ExtensibilityGlobals) = postSolution
		SolutionGuid = {2A5EDD4F-73E0-4B74-B6AE-D6CD36D0F3F9}
	EndGlobalSection
EndGlobal
